
Microsoft Visual Studio Solution File, Format Version 12.00
# Visual Studio 14
VisualStudioVersion = 14.0.25123.0
MinimumVisualStudioVersion = 10.0.40219.1
Project("{8BC9CEB8-8B4A-11D0-8D11-00A0C91BC942}") = "ntUPSd", "ntUPSd\ntUPSd.vcxproj", "{69B35CE6-E2E1-4191-972D-B21E03BC2117}"
EndProject
Project("{8BC9CEB8-8B4A-11D0-8D11-00A0C91BC942}") = "ntUPSd.Core", "ntUPSd.Core\ntUPSd.Core.vcxproj", "{876903AD-6C10-4991-B3EB-35AD6381EBD2}"
EndProject
Project("{930C7802-8A8C-48F9-8165-68863BCCD9DD}") = "ntUPSd.Setup.x64", "ntUPSd.Setup\ntUPSd.Setup.x64.wixproj", "{DF7A6341-BE2E-40A0-A7ED-5AD107113B68}"
EndProject
Project("{2150E333-8FDC-42A3-9474-1A3956D46DE8}") = "Documentation", "Documentation", "{28E9D41D-3655-4EBF-AE51-7F118B2F571C}"
	ProjectSection(SolutionItems) = preProject
		LICENSE = LICENSE
		readme.md = readme.md
	EndProjectSection
EndProject
Project("{2150E333-8FDC-42A3-9474-1A3956D46DE8}") = "Installation", "Installation", "{FB805EE5-42D2-44A6-ABD3-A7580D330E02}"
EndProject
Project("{2150E333-8FDC-42A3-9474-1A3956D46DE8}") = "Configuration", "Configuration", "{7EE6B4CA-9048-4F69-A4E0-7C46B34D6C7F}"
	ProjectSection(SolutionItems) = preProject
		.editorconfig = .editorconfig
		.gitignore = .gitignore
		appveyor.yml = appveyor.yml
	EndProjectSection
EndProject
Project("{930C7802-8A8C-48F9-8165-68863BCCD9DD}") = "ntUPSd.Setup.x86", "ntUPSd.Setup\ntUPSd.Setup.x86.wixproj", "{DF7A6341-BE2E-40A0-A7ED-5AD107113B69}"
EndProject
Project("{930C7802-8A8C-48F9-8165-68863BCCD9DD}") = "ntUPSd.Setup", "ntUPSd.Setup\ntUPSd.Setup.wixproj", "{89AE68B3-4142-49EE-91C3-A321FAC9D6F6}"
EndProject
Project("{FAE04EC0-301F-11D3-BF4B-00C04F79EFBC}") = "ntUSPd.Admin", "ntUSPd.Admin\ntUSPd.Admin.csproj", "{BEA5CD0C-6E21-4E4B-89B9-647C8190C0BD}"
EndProject
Global
	GlobalSection(SolutionConfigurationPlatforms) = preSolution
		Debug|x64 = Debug|x64
		Debug|x86 = Debug|x86
		Release|x64 = Release|x64
		Release|x86 = Release|x86
	EndGlobalSection
	GlobalSection(ProjectConfigurationPlatforms) = postSolution
		{69B35CE6-E2E1-4191-972D-B21E03BC2117}.Debug|x64.ActiveCfg = Debug|x64
		{69B35CE6-E2E1-4191-972D-B21E03BC2117}.Debug|x64.Build.0 = Debug|x64
		{69B35CE6-E2E1-4191-972D-B21E03BC2117}.Debug|x86.ActiveCfg = Debug|Win32
		{69B35CE6-E2E1-4191-972D-B21E03BC2117}.Debug|x86.Build.0 = Debug|Win32
		{69B35CE6-E2E1-4191-972D-B21E03BC2117}.Release|x64.ActiveCfg = Release|x64
		{69B35CE6-E2E1-4191-972D-B21E03BC2117}.Release|x64.Build.0 = Release|x64
		{69B35CE6-E2E1-4191-972D-B21E03BC2117}.Release|x86.ActiveCfg = Release|Win32
		{69B35CE6-E2E1-4191-972D-B21E03BC2117}.Release|x86.Build.0 = Release|Win32
		{876903AD-6C10-4991-B3EB-35AD6381EBD2}.Debug|x64.ActiveCfg = Debug|x64
		{876903AD-6C10-4991-B3EB-35AD6381EBD2}.Debug|x64.Build.0 = Debug|x64
		{876903AD-6C10-4991-B3EB-35AD6381EBD2}.Debug|x86.ActiveCfg = Debug|Win32
		{876903AD-6C10-4991-B3EB-35AD6381EBD2}.Debug|x86.Build.0 = Debug|Win32
		{876903AD-6C10-4991-B3EB-35AD6381EBD2}.Release|x64.ActiveCfg = Release|x64
		{876903AD-6C10-4991-B3EB-35AD6381EBD2}.Release|x64.Build.0 = Release|x64
		{876903AD-6C10-4991-B3EB-35AD6381EBD2}.Release|x86.ActiveCfg = Release|Win32
		{876903AD-6C10-4991-B3EB-35AD6381EBD2}.Release|x86.Build.0 = Release|Win32
		{DF7A6341-BE2E-40A0-A7ED-5AD107113B68}.Debug|x64.ActiveCfg = Debug|x64
		{DF7A6341-BE2E-40A0-A7ED-5AD107113B68}.Debug|x64.Build.0 = Debug|x64
		{DF7A6341-BE2E-40A0-A7ED-5AD107113B68}.Debug|x86.ActiveCfg = Debug|x64
		{DF7A6341-BE2E-40A0-A7ED-5AD107113B68}.Release|x64.ActiveCfg = Release|x64
		{DF7A6341-BE2E-40A0-A7ED-5AD107113B68}.Release|x64.Build.0 = Release|x64
		{DF7A6341-BE2E-40A0-A7ED-5AD107113B68}.Release|x86.ActiveCfg = Release|x64
		{DF7A6341-BE2E-40A0-A7ED-5AD107113B69}.Debug|x64.ActiveCfg = Debug|x86
		{DF7A6341-BE2E-40A0-A7ED-5AD107113B69}.Debug|x86.ActiveCfg = Debug|x86
		{DF7A6341-BE2E-40A0-A7ED-5AD107113B69}.Debug|x86.Build.0 = Debug|x86
		{DF7A6341-BE2E-40A0-A7ED-5AD107113B69}.Release|x64.ActiveCfg = Release|x86
		{DF7A6341-BE2E-40A0-A7ED-5AD107113B69}.Release|x86.ActiveCfg = Release|x86
		{DF7A6341-BE2E-40A0-A7ED-5AD107113B69}.Release|x86.Build.0 = Release|x86
		{89AE68B3-4142-49EE-91C3-A321FAC9D6F6}.Debug|x64.ActiveCfg = Debug|x86
		{89AE68B3-4142-49EE-91C3-A321FAC9D6F6}.Debug|x86.ActiveCfg = Debug|x86
		{89AE68B3-4142-49EE-91C3-A321FAC9D6F6}.Release|x64.ActiveCfg = Release|x86
		{89AE68B3-4142-49EE-91C3-A321FAC9D6F6}.Release|x86.ActiveCfg = Release|x86
		{BEA5CD0C-6E21-4E4B-89B9-647C8190C0BD}.Debug|x64.ActiveCfg = Debug|Any CPU
		{BEA5CD0C-6E21-4E4B-89B9-647C8190C0BD}.Debug|x64.Build.0 = Debug|Any CPU
		{BEA5CD0C-6E21-4E4B-89B9-647C8190C0BD}.Debug|x86.ActiveCfg = Debug|Any CPU
		{BEA5CD0C-6E21-4E4B-89B9-647C8190C0BD}.Debug|x86.Build.0 = Debug|Any CPU
		{BEA5CD0C-6E21-4E4B-89B9-647C8190C0BD}.Release|x64.ActiveCfg = Release|Any CPU
		{BEA5CD0C-6E21-4E4B-89B9-647C8190C0BD}.Release|x64.Build.0 = Release|Any CPU
		{BEA5CD0C-6E21-4E4B-89B9-647C8190C0BD}.Release|x86.ActiveCfg = Release|Any CPU
		{BEA5CD0C-6E21-4E4B-89B9-647C8190C0BD}.Release|x86.Build.0 = Release|Any CPU
	EndGlobalSection
	GlobalSection(SolutionProperties) = preSolution
		HideSolutionNode = FALSE
	EndGlobalSection
	GlobalSection(NestedProjects) = preSolution
		{DF7A6341-BE2E-40A0-A7ED-5AD107113B68} = {FB805EE5-42D2-44A6-ABD3-A7580D330E02}
		{DF7A6341-BE2E-40A0-A7ED-5AD107113B69} = {FB805EE5-42D2-44A6-ABD3-A7580D330E02}
		{89AE68B3-4142-49EE-91C3-A321FAC9D6F6} = {FB805EE5-42D2-44A6-ABD3-A7580D330E02}
	EndGlobalSection
EndGlobal
