<?xml version="1.0" encoding="utf-8"?>
<Project ToolsVersion="4.0" xmlns="http://schemas.microsoft.com/developer/msbuild/2003">
  <ItemGroup>
    <Filter Include="Source Files">
      <UniqueIdentifier>{4FC737F1-C7A5-4376-A066-2A32D752A2FF}</UniqueIdentifier>
      <Extensions>cpp;c;cc;cxx;def;odl;idl;hpj;bat;asm;asmx</Extensions>
    </Filter>
    <Filter Include="Header Files">
      <UniqueIdentifier>{93995380-89BD-4b04-88EB-625FBE52EBFB}</UniqueIdentifier>
      <Extensions>h;hh;hpp;hxx;hm;inl;inc;xsd</Extensions>
    </Filter>
    <Filter Include="Resource Files">
      <UniqueIdentifier>{67DA6AB6-F800-4c08-8B7A-83BB121AAD01}</UniqueIdentifier>
      <Extensions>rc;ico;cur;bmp;dlg;rc2;rct;bin;rgs;gif;jpg;jpeg;jpe;resx;tiff;tif;png;wav;mfcribbon-ms</Extensions>
    </Filter>
  </ItemGroup>
  <ItemGroup>
    <ClInclude Include="stdafx.h">
      <Filter>Header Files</Filter>
    </ClInclude>
    <ClInclude Include="targetver.h">
      <Filter>Header Files</Filter>
    </ClInclude>
    <ClInclude Include="ntUPSd.Core.Base.h">
      <Filter>Header Files</Filter>
    </ClInclude>
    <ClInclude Include="ntUPSd.Core.h">
      <Filter>Header Files</Filter>
    </ClInclude>
    <ClInclude Include="ntUPSd.PreDefs.h">
      <Filter>Header Files</Filter>
    </ClInclude>
    <ClInclude Include="ntUPSd.ReplDriver.h">
      <Filter>Header Files</Filter>
    </ClInclude>
    <ClInclude Include="ntUPSd.ReplDriver.inl.h">
      <Filter>Header Files</Filter>
    </ClInclude>
    <ClInclude Include="ntUPSd.ServerModule.h">
      <Filter>Header Files</Filter>
    </ClInclude>
    <ClInclude Include="ntUPSd.ServerModule.inl.h">
      <Filter>Header Files</Filter>
    </ClInclude>
    <ClInclude Include="ntUPSd.Socket.h">
      <Filter>Header Files</Filter>
    </ClInclude>
    <ClInclude Include="ntUPSd.Utilities.h">
      <Filter>Header Files</Filter>
    </ClInclude>
    <ClInclude Include="ntUPSd.WorkerUtilities.h">
      <Filter>Header Files</Filter>
    </ClInclude>
    <ClInclude Include="ntUPSd.WorkerUtilities.inl.h">
      <Filter>Header Files</Filter>
    </ClInclude>
    <ClInclude Include="ntUPSd.LineFormatter.h">
      <Filter>Header Files</Filter>
    </ClInclude>
    <ClInclude Include="ntUPSd.LineFormatter.inl.h">
      <Filter>Header Files</Filter>
    </ClInclude>
  </ItemGroup>
  <ItemGroup>
    <ClCompile Include="stdafx.cpp">
      <Filter>Source Files</Filter>
    </ClCompile>
    <ClCompile Include="ntUPSd.ReplDriver.cpp">
      <Filter>Source Files</Filter>
    </ClCompile>
    <ClCompile Include="ntUPSd.ServerModule.cpp">
      <Filter>Source Files</Filter>
    </ClCompile>
    <ClCompile Include="ntUPSd.Socket.cpp">
      <Filter>Source Files</Filter>
    </ClCompile>
    <ClCompile Include="ntUPSd.Utilities.cpp">
      <Filter>Source Files</Filter>
    </ClCompile>
    <ClCompile Include="ntUPSd.WorkerUtilities.cpp">
      <Filter>Source Files</Filter>
    </ClCompile>
    <ClCompile Include="ntUPSd.LineFormatter.cpp">
      <Filter>Source Files</Filter>
    </ClCompile>
  </ItemGroup>
  <ItemGroup>
    <Text Include="readme.md" />
  </ItemGroup>
</Project>